
Microsoft Visual Studio Solution File, Format Version 12.00
# Visual Studio Version 17
VisualStudioVersion = 17.6.33815.320
MinimumVisualStudioVersion = 10.0.40219.1
Project("{9A19103F-16F7-4668-BE54-9A1E7A4F7556}") = "NetProOA.TemplateE.T4", "NetProOA.TemplateE.T4\NetProOA.TemplateE.T4.csproj", "{77C47566-B9B0-4BE1-A3C5-A3A672498C3C}"
EndProject
Global
	GlobalSection(SolutionConfigurationPlatforms) = preSolution
		Debug|Any CPU = Debug|Any CPU
		Release|Any CPU = Release|Any CPU
	EndGlobalSection
	GlobalSection(ProjectConfigurationPlatforms) = postSolution
		{77C47566-B9B0-4BE1-A3C5-A3A672498C3C}.Debug|Any CPU.ActiveCfg = Debug|Any CPU
		{77C47566-B9B0-4BE1-A3C5-A3A672498C3C}.Debug|Any CPU.Build.0 = Debug|Any CPU
		{77C47566-B9B0-4BE1-A3C5-A3A672498C3C}.Release|Any CPU.ActiveCfg = Release|Any CPU
		{77C47566-B9B0-4BE1-A3C5-A3A672498C3C}.Release|Any CPU.Build.0 = Release|Any CPU
	EndGlobalSection
	GlobalSection(SolutionProperties) = preSolution
		HideSolutionNode = FALSE
	EndGlobalSection
	GlobalSection(ExtensibilityGlobals) = postSolution
		SolutionGuid = {D2AD37B9-E3B2-40C7-8F83-71FCA3B721CA}
	EndGlobalSection
EndGlobal
