
Microsoft Visual Studio Solution File, Format Version 12.00
# Visual Studio Version 17
VisualStudioVersion = 17.0.31912.275
MinimumVisualStudioVersion = 10.0.40219.1
Project("{2150E333-8FDC-42A3-9474-1A3956D46DE8}") = "src", "src", "{2A49FD10-DE92-49EB-AC99-97C68D215DC1}"
EndProject
Project("{2150E333-8FDC-42A3-9474-1A3956D46DE8}") = "1-Presentaion", "1-Presentaion", "{74B15386-9812-4124-91DC-E8EDE2DA1DE8}"
EndProject
Project("{2150E333-8FDC-42A3-9474-1A3956D46DE8}") = "2-Applications", "2-Applications", "{71B84BA4-B66C-43CA-9181-D03D9A68DBB0}"
EndProject
Project("{2150E333-8FDC-42A3-9474-1A3956D46DE8}") = "3-Domain", "3-Domain", "{13305DD8-E7DC-42F7-AAD2-B28BDFB87392}"
EndProject
Project("{2150E333-8FDC-42A3-9474-1A3956D46DE8}") = "4-Repository", "4-Repository", "{72706BCF-B5D9-4A1B-916B-DE5004700F22}"
EndProject
Project("{2150E333-8FDC-42A3-9474-1A3956D46DE8}") = "5-Infrastructure", "5-Infrastructure", "{7E9AB367-3526-41EC-9205-B6BCE61FD202}"
EndProject
Project("{2150E333-8FDC-42A3-9474-1A3956D46DE8}") = "6-DbMigrations", "6-DbMigrations", "{4F87525B-70FA-4BA9-90AB-0D4928BFEB0B}"
EndProject
Project("{2150E333-8FDC-42A3-9474-1A3956D46DE8}") = "8-Test", "8-Test", "{8EF1DB3D-46DE-4455-94CB-CF2D45E78756}"
EndProject
Project("{2150E333-8FDC-42A3-9474-1A3956D46DE8}") = "7-T4", "7-T4", "{2E359061-E7A2-467B-B1E6-3F696082BC8F}"
EndProject
Project("{9A19103F-16F7-4668-BE54-9A1E7A4F7556}") = "NetProOA.TemplateE.Api", "NetProOA.TemplateE.Api\NetProOA.TemplateE.Api.csproj", "{6CCCD2D9-AD0D-4FE6-B560-07E359BF8FB8}"
EndProject
Project("{9A19103F-16F7-4668-BE54-9A1E7A4F7556}") = "NetProOA.TemplateE.Web", "NetProOA.TemplateE.Web\NetProOA.TemplateE.Web.csproj", "{68FB9204-3813-4894-9B3B-D0932C9EDD42}"
EndProject
Project("{9A19103F-16F7-4668-BE54-9A1E7A4F7556}") = "NetProOA.TemplateE.Infrastructure.Autofac", "NetProOA.TemplateE.Infrastructure.Autofac\NetProOA.TemplateE.Infrastructure.Autofac.csproj", "{54E96B68-56F4-42DD-88C0-E2A2469675BF}"
EndProject
Project("{9A19103F-16F7-4668-BE54-9A1E7A4F7556}") = "NetProOA.TemplateE.Application", "NetProOA.TemplateE.Application\NetProOA.TemplateE.Application.csproj", "{2C22F992-220A-4D63-A082-3E2A6B04B830}"
EndProject
Project("{9A19103F-16F7-4668-BE54-9A1E7A4F7556}") = "NetProOA.TemplateE.Infrastructure.AutoMapper", "NetProOA.TemplateE.Infrastructure.AutoMapper\NetProOA.TemplateE.Infrastructure.AutoMapper.csproj", "{B009FC4C-FEFE-4ADB-9B37-AF398D1A9F32}"
EndProject
Project("{9A19103F-16F7-4668-BE54-9A1E7A4F7556}") = "NetProOA.TemplateE.Domain", "NetProOA.TemplateE.Domain\NetProOA.TemplateE.Domain.csproj", "{82E61331-C0EC-4A3C-9138-046B369DD275}"
EndProject
Project("{9A19103F-16F7-4668-BE54-9A1E7A4F7556}") = "NetProOA.TemplateE.Repository", "NetProOA.TemplateE.Repository\NetProOA.TemplateE.Repository.csproj", "{08F14DFF-8F71-444D-A6AD-0DA520CCD613}"
EndProject
Project("{9A19103F-16F7-4668-BE54-9A1E7A4F7556}") = "NetProOA.TemplateE.Entity.Mapper", "NetProOA.TemplateE.Entity.Mapper\NetProOA.TemplateE.Entity.Mapper.csproj", "{6A5A1DF5-FBCB-4C5F-8D0B-03C5C3056CFB}"
EndProject
Project("{9A19103F-16F7-4668-BE54-9A1E7A4F7556}") = "NetProOA.TemplateE.Constants", "NetProOA.TemplateE.Constants\NetProOA.TemplateE.Constants.csproj", "{CB111233-B562-476D-A39B-94BDC69148F1}"
EndProject
Project("{9A19103F-16F7-4668-BE54-9A1E7A4F7556}") = "NetProOA.TemplateE.DbMigrations", "NetProOA.TemplateE.DbMigrations\NetProOA.TemplateE.DbMigrations.csproj", "{95A3B27C-FA45-401F-AC24-CBD1AAA184E9}"
EndProject
Project("{9A19103F-16F7-4668-BE54-9A1E7A4F7556}") = "NetProOA.TemplateE.Api.Test", "NetProOA.TemplateE.Api.Test\NetProOA.TemplateE.Api.Test.csproj", "{CB7B0809-4AB2-42AD-B02D-FCF15BA370EF}"
EndProject
Project("{9A19103F-16F7-4668-BE54-9A1E7A4F7556}") = "NetProOA.TemplateE.MongoDomain", "NetProOA.TemplateE.MongoDomain\NetProOA.TemplateE.MongoDomain.csproj", "{683CE583-ED27-465E-9F19-B19AE80EE8FC}"
EndProject
Project("{9A19103F-16F7-4668-BE54-9A1E7A4F7556}") = "NetProOA.TemplateE.MongoRepository", "NetProOA.TemplateE.MongoRepository\NetProOA.TemplateE.MongoRepository.csproj", "{E1F94C92-AA7D-4E8A-B5D3-6F2199AED500}"
EndProject
Project("{9A19103F-16F7-4668-BE54-9A1E7A4F7556}") = "NetProOA.TemplateE.EsDomain", "NetProOA.TemplateE.EsDomain\NetProOA.TemplateE.EsDomain.csproj", "{43C9BA18-E29B-4BB6-9CE1-31487E375B43}"
EndProject
Project("{FAE04EC0-301F-11D3-BF4B-00C04F79EFBC}") = "NetProOA.Framework.TemplateE.ClientSdk", "NetProOA.Framework.TemplateE.ClientSdk\NetProOA.Framework.TemplateE.ClientSdk.csproj", "{3BF55334-EADD-47BC-A6B3-72DFE5811DA5}"
EndProject
Global
	GlobalSection(SolutionConfigurationPlatforms) = preSolution
		Debug|Any CPU = Debug|Any CPU
		Release|Any CPU = Release|Any CPU
	EndGlobalSection
	GlobalSection(ProjectConfigurationPlatforms) = postSolution
		{6CCCD2D9-AD0D-4FE6-B560-07E359BF8FB8}.Debug|Any CPU.ActiveCfg = Debug|Any CPU
		{6CCCD2D9-AD0D-4FE6-B560-07E359BF8FB8}.Debug|Any CPU.Build.0 = Debug|Any CPU
		{6CCCD2D9-AD0D-4FE6-B560-07E359BF8FB8}.Release|Any CPU.ActiveCfg = Release|Any CPU
		{6CCCD2D9-AD0D-4FE6-B560-07E359BF8FB8}.Release|Any CPU.Build.0 = Release|Any CPU
		{68FB9204-3813-4894-9B3B-D0932C9EDD42}.Debug|Any CPU.ActiveCfg = Debug|Any CPU
		{68FB9204-3813-4894-9B3B-D0932C9EDD42}.Debug|Any CPU.Build.0 = Debug|Any CPU
		{68FB9204-3813-4894-9B3B-D0932C9EDD42}.Release|Any CPU.ActiveCfg = Release|Any CPU
		{68FB9204-3813-4894-9B3B-D0932C9EDD42}.Release|Any CPU.Build.0 = Release|Any CPU
		{54E96B68-56F4-42DD-88C0-E2A2469675BF}.Debug|Any CPU.ActiveCfg = Debug|Any CPU
		{54E96B68-56F4-42DD-88C0-E2A2469675BF}.Debug|Any CPU.Build.0 = Debug|Any CPU
		{54E96B68-56F4-42DD-88C0-E2A2469675BF}.Release|Any CPU.ActiveCfg = Release|Any CPU
		{54E96B68-56F4-42DD-88C0-E2A2469675BF}.Release|Any CPU.Build.0 = Release|Any CPU
		{2C22F992-220A-4D63-A082-3E2A6B04B830}.Debug|Any CPU.ActiveCfg = Debug|Any CPU
		{2C22F992-220A-4D63-A082-3E2A6B04B830}.Debug|Any CPU.Build.0 = Debug|Any CPU
		{2C22F992-220A-4D63-A082-3E2A6B04B830}.Release|Any CPU.ActiveCfg = Release|Any CPU
		{2C22F992-220A-4D63-A082-3E2A6B04B830}.Release|Any CPU.Build.0 = Release|Any CPU
		{B009FC4C-FEFE-4ADB-9B37-AF398D1A9F32}.Debug|Any CPU.ActiveCfg = Debug|Any CPU
		{B009FC4C-FEFE-4ADB-9B37-AF398D1A9F32}.Debug|Any CPU.Build.0 = Debug|Any CPU
		{B009FC4C-FEFE-4ADB-9B37-AF398D1A9F32}.Release|Any CPU.ActiveCfg = Release|Any CPU
		{B009FC4C-FEFE-4ADB-9B37-AF398D1A9F32}.Release|Any CPU.Build.0 = Release|Any CPU
		{82E61331-C0EC-4A3C-9138-046B369DD275}.Debug|Any CPU.ActiveCfg = Debug|Any CPU
		{82E61331-C0EC-4A3C-9138-046B369DD275}.Debug|Any CPU.Build.0 = Debug|Any CPU
		{82E61331-C0EC-4A3C-9138-046B369DD275}.Release|Any CPU.ActiveCfg = Release|Any CPU
		{82E61331-C0EC-4A3C-9138-046B369DD275}.Release|Any CPU.Build.0 = Release|Any CPU
		{08F14DFF-8F71-444D-A6AD-0DA520CCD613}.Debug|Any CPU.ActiveCfg = Debug|Any CPU
		{08F14DFF-8F71-444D-A6AD-0DA520CCD613}.Debug|Any CPU.Build.0 = Debug|Any CPU
		{08F14DFF-8F71-444D-A6AD-0DA520CCD613}.Release|Any CPU.ActiveCfg = Release|Any CPU
		{08F14DFF-8F71-444D-A6AD-0DA520CCD613}.Release|Any CPU.Build.0 = Release|Any CPU
		{6A5A1DF5-FBCB-4C5F-8D0B-03C5C3056CFB}.Debug|Any CPU.ActiveCfg = Debug|Any CPU
		{6A5A1DF5-FBCB-4C5F-8D0B-03C5C3056CFB}.Debug|Any CPU.Build.0 = Debug|Any CPU
		{6A5A1DF5-FBCB-4C5F-8D0B-03C5C3056CFB}.Release|Any CPU.ActiveCfg = Release|Any CPU
		{6A5A1DF5-FBCB-4C5F-8D0B-03C5C3056CFB}.Release|Any CPU.Build.0 = Release|Any CPU
		{CB111233-B562-476D-A39B-94BDC69148F1}.Debug|Any CPU.ActiveCfg = Debug|Any CPU
		{CB111233-B562-476D-A39B-94BDC69148F1}.Debug|Any CPU.Build.0 = Debug|Any CPU
		{CB111233-B562-476D-A39B-94BDC69148F1}.Release|Any CPU.ActiveCfg = Release|Any CPU
		{CB111233-B562-476D-A39B-94BDC69148F1}.Release|Any CPU.Build.0 = Release|Any CPU
		{95A3B27C-FA45-401F-AC24-CBD1AAA184E9}.Debug|Any CPU.ActiveCfg = Debug|Any CPU
		{95A3B27C-FA45-401F-AC24-CBD1AAA184E9}.Debug|Any CPU.Build.0 = Debug|Any CPU
		{95A3B27C-FA45-401F-AC24-CBD1AAA184E9}.Release|Any CPU.ActiveCfg = Release|Any CPU
		{95A3B27C-FA45-401F-AC24-CBD1AAA184E9}.Release|Any CPU.Build.0 = Release|Any CPU
		{CB7B0809-4AB2-42AD-B02D-FCF15BA370EF}.Debug|Any CPU.ActiveCfg = Debug|Any CPU
		{CB7B0809-4AB2-42AD-B02D-FCF15BA370EF}.Debug|Any CPU.Build.0 = Debug|Any CPU
		{CB7B0809-4AB2-42AD-B02D-FCF15BA370EF}.Release|Any CPU.ActiveCfg = Release|Any CPU
		{CB7B0809-4AB2-42AD-B02D-FCF15BA370EF}.Release|Any CPU.Build.0 = Release|Any CPU
		{683CE583-ED27-465E-9F19-B19AE80EE8FC}.Debug|Any CPU.ActiveCfg = Debug|Any CPU
		{683CE583-ED27-465E-9F19-B19AE80EE8FC}.Debug|Any CPU.Build.0 = Debug|Any CPU
		{683CE583-ED27-465E-9F19-B19AE80EE8FC}.Release|Any CPU.ActiveCfg = Release|Any CPU
		{683CE583-ED27-465E-9F19-B19AE80EE8FC}.Release|Any CPU.Build.0 = Release|Any CPU
		{E1F94C92-AA7D-4E8A-B5D3-6F2199AED500}.Debug|Any CPU.ActiveCfg = Debug|Any CPU
		{E1F94C92-AA7D-4E8A-B5D3-6F2199AED500}.Debug|Any CPU.Build.0 = Debug|Any CPU
		{E1F94C92-AA7D-4E8A-B5D3-6F2199AED500}.Release|Any CPU.ActiveCfg = Release|Any CPU
		{E1F94C92-AA7D-4E8A-B5D3-6F2199AED500}.Release|Any CPU.Build.0 = Release|Any CPU
		{43C9BA18-E29B-4BB6-9CE1-31487E375B43}.Debug|Any CPU.ActiveCfg = Debug|Any CPU
		{43C9BA18-E29B-4BB6-9CE1-31487E375B43}.Debug|Any CPU.Build.0 = Debug|Any CPU
		{43C9BA18-E29B-4BB6-9CE1-31487E375B43}.Release|Any CPU.ActiveCfg = Release|Any CPU
		{43C9BA18-E29B-4BB6-9CE1-31487E375B43}.Release|Any CPU.Build.0 = Release|Any CPU
		{3BF55334-EADD-47BC-A6B3-72DFE5811DA5}.Debug|Any CPU.ActiveCfg = Debug|Any CPU
		{3BF55334-EADD-47BC-A6B3-72DFE5811DA5}.Debug|Any CPU.Build.0 = Debug|Any CPU
		{3BF55334-EADD-47BC-A6B3-72DFE5811DA5}.Release|Any CPU.ActiveCfg = Release|Any CPU
		{3BF55334-EADD-47BC-A6B3-72DFE5811DA5}.Release|Any CPU.Build.0 = Release|Any CPU
	EndGlobalSection
	GlobalSection(SolutionProperties) = preSolution
		HideSolutionNode = FALSE
	EndGlobalSection
	GlobalSection(NestedProjects) = preSolution
		{74B15386-9812-4124-91DC-E8EDE2DA1DE8} = {2A49FD10-DE92-49EB-AC99-97C68D215DC1}
		{71B84BA4-B66C-43CA-9181-D03D9A68DBB0} = {2A49FD10-DE92-49EB-AC99-97C68D215DC1}
		{13305DD8-E7DC-42F7-AAD2-B28BDFB87392} = {2A49FD10-DE92-49EB-AC99-97C68D215DC1}
		{72706BCF-B5D9-4A1B-916B-DE5004700F22} = {2A49FD10-DE92-49EB-AC99-97C68D215DC1}
		{7E9AB367-3526-41EC-9205-B6BCE61FD202} = {2A49FD10-DE92-49EB-AC99-97C68D215DC1}
		{4F87525B-70FA-4BA9-90AB-0D4928BFEB0B} = {2A49FD10-DE92-49EB-AC99-97C68D215DC1}
		{8EF1DB3D-46DE-4455-94CB-CF2D45E78756} = {2A49FD10-DE92-49EB-AC99-97C68D215DC1}
		{2E359061-E7A2-467B-B1E6-3F696082BC8F} = {2A49FD10-DE92-49EB-AC99-97C68D215DC1}
		{6CCCD2D9-AD0D-4FE6-B560-07E359BF8FB8} = {74B15386-9812-4124-91DC-E8EDE2DA1DE8}
		{68FB9204-3813-4894-9B3B-D0932C9EDD42} = {74B15386-9812-4124-91DC-E8EDE2DA1DE8}
		{54E96B68-56F4-42DD-88C0-E2A2469675BF} = {71B84BA4-B66C-43CA-9181-D03D9A68DBB0}
		{2C22F992-220A-4D63-A082-3E2A6B04B830} = {71B84BA4-B66C-43CA-9181-D03D9A68DBB0}
		{B009FC4C-FEFE-4ADB-9B37-AF398D1A9F32} = {71B84BA4-B66C-43CA-9181-D03D9A68DBB0}
		{82E61331-C0EC-4A3C-9138-046B369DD275} = {13305DD8-E7DC-42F7-AAD2-B28BDFB87392}
		{08F14DFF-8F71-444D-A6AD-0DA520CCD613} = {72706BCF-B5D9-4A1B-916B-DE5004700F22}
		{6A5A1DF5-FBCB-4C5F-8D0B-03C5C3056CFB} = {13305DD8-E7DC-42F7-AAD2-B28BDFB87392}
		{CB111233-B562-476D-A39B-94BDC69148F1} = {7E9AB367-3526-41EC-9205-B6BCE61FD202}
		{95A3B27C-FA45-401F-AC24-CBD1AAA184E9} = {4F87525B-70FA-4BA9-90AB-0D4928BFEB0B}
		{CB7B0809-4AB2-42AD-B02D-FCF15BA370EF} = {8EF1DB3D-46DE-4455-94CB-CF2D45E78756}
		{683CE583-ED27-465E-9F19-B19AE80EE8FC} = {13305DD8-E7DC-42F7-AAD2-B28BDFB87392}
		{E1F94C92-AA7D-4E8A-B5D3-6F2199AED500} = {72706BCF-B5D9-4A1B-916B-DE5004700F22}
		{43C9BA18-E29B-4BB6-9CE1-31487E375B43} = {13305DD8-E7DC-42F7-AAD2-B28BDFB87392}
		{3BF55334-EADD-47BC-A6B3-72DFE5811DA5} = {71B84BA4-B66C-43CA-9181-D03D9A68DBB0}
	EndGlobalSection
	GlobalSection(ExtensibilityGlobals) = postSolution
		SolutionGuid = {72996924-ED2B-4F42-A2F0-F475842DB1B7}
	EndGlobalSection
EndGlobal
